// !$*UTF8*$!
{
	archiveVersion = 1;
	classes = {
	};
	objectVersion = 51;
	objects = {

/* Begin PBXBuildFile section */
		B3C05435D26873F7C4D2C51D /* Pods_Budtender.framework in Frameworks */ = {isa = PBXBuildFile; fileRef = 113DA9BECAE533682BBABA85 /* Pods_Budtender.framework */; };
		CF2C50D324E5D1C400A41AEE /* AppDelegate.swift in Sources */ = {isa = PBXBuildFile; fileRef = CF2C50D224E5D1C400A41AEE /* AppDelegate.swift */; };
		CF2C50DC24E5D1C700A41AEE /* Assets.xcassets in Resources */ = {isa = PBXBuildFile; fileRef = CF2C50DB24E5D1C700A41AEE /* Assets.xcassets */; };
		CF2C50DF24E5D1C700A41AEE /* LaunchScreen.storyboard in Resources */ = {isa = PBXBuildFile; fileRef = CF2C50DD24E5D1C700A41AEE /* LaunchScreen.storyboard */; };
		CF3192BE24E5E0640082F9FA /* SelectionViewController.swift in Sources */ = {isa = PBXBuildFile; fileRef = CF3192BD24E5E0640082F9FA /* SelectionViewController.swift */; };
		CF6E28C9250A084F001C7D54 /* UIImage+Extensions.swift in Sources */ = {isa = PBXBuildFile; fileRef = CF6E28C8250A084F001C7D54 /* UIImage+Extensions.swift */; };
		CF74EF7B25042293003D5896 /* Herb.swift in Sources */ = {isa = PBXBuildFile; fileRef = CF74EF7A25042293003D5896 /* Herb.swift */; };
		CF74EF7D25058CC3003D5896 /* DispensaryMap.swift in Sources */ = {isa = PBXBuildFile; fileRef = CF74EF7C25058CC3003D5896 /* DispensaryMap.swift */; };
		CF74EF7F2507010A003D5896 /* SceneDelegate.swift in Sources */ = {isa = PBXBuildFile; fileRef = CF74EF7E2507010A003D5896 /* SceneDelegate.swift */; };
		CF866A6F24F0965B00C7C223 /* ResultCollectionViewCell.swift in Sources */ = {isa = PBXBuildFile; fileRef = CF866A6E24F0965B00C7C223 /* ResultCollectionViewCell.swift */; };
		CF866A7124F09AC000C7C223 /* ResultViewController.swift in Sources */ = {isa = PBXBuildFile; fileRef = CF866A7024F09AC000C7C223 /* ResultViewController.swift */; };
		CF866A7324F3199C00C7C223 /* DispensaryLocationViewController.swift in Sources */ = {isa = PBXBuildFile; fileRef = CF866A7224F3199C00C7C223 /* DispensaryLocationViewController.swift */; };
		CF866A7624F480E500C7C223 /* LocationService.swift in Sources */ = {isa = PBXBuildFile; fileRef = CF866A7524F480E500C7C223 /* LocationService.swift */; };
		CF866A7A24FDA9D800C7C223 /* DispensaryData.swift in Sources */ = {isa = PBXBuildFile; fileRef = CF866A7924FDA9D800C7C223 /* DispensaryData.swift */; };
		CF866A8024FDC1EC00C7C223 /* UIButton+Extensions.swift in Sources */ = {isa = PBXBuildFile; fileRef = CF866A7F24FDC1EC00C7C223 /* UIButton+Extensions.swift */; };
		CF942ED224E75DD8001E16D4 /* QuizViewController.swift in Sources */ = {isa = PBXBuildFile; fileRef = CF942ED124E75DD8001E16D4 /* QuizViewController.swift */; };
		CF942EDC24E77D08001E16D4 /* MenuData.swift in Sources */ = {isa = PBXBuildFile; fileRef = CF942EDB24E77D08001E16D4 /* MenuData.swift */; };
		CF942EE024ECA02E001E16D4 /* Question.swift in Sources */ = {isa = PBXBuildFile; fileRef = CF942EDF24ECA02E001E16D4 /* Question.swift */; };
		CF942EE324ECBA80001E16D4 /* QuizCollectionViewCell.swift in Sources */ = {isa = PBXBuildFile; fileRef = CF942EE224ECBA80001E16D4 /* QuizCollectionViewCell.swift */; };
		CF942EE524ECBD79001E16D4 /* map.json in Resources */ = {isa = PBXBuildFile; fileRef = CF942EE424ECBD79001E16D4 /* map.json */; };
/* End PBXBuildFile section */

/* Begin PBXFileReference section */
		113DA9BECAE533682BBABA85 /* Pods_Budtender.framework */ = {isa = PBXFileReference; explicitFileType = wrapper.framework; includeInIndex = 0; path = Pods_Budtender.framework; sourceTree = BUILT_PRODUCTS_DIR; };
		9F2E43897A0D933D23DFD1CF /* Pods-Budtender.release.xcconfig */ = {isa = PBXFileReference; includeInIndex = 1; lastKnownFileType = text.xcconfig; name = "Pods-Budtender.release.xcconfig"; path = "Target Support Files/Pods-Budtender/Pods-Budtender.release.xcconfig"; sourceTree = "<group>"; };
		CF2C50CF24E5D1C400A41AEE /* Budtender.app */ = {isa = PBXFileReference; explicitFileType = wrapper.application; includeInIndex = 0; path = Budtender.app; sourceTree = BUILT_PRODUCTS_DIR; };
		CF2C50D224E5D1C400A41AEE /* AppDelegate.swift */ = {isa = PBXFileReference; lastKnownFileType = sourcecode.swift; path = AppDelegate.swift; sourceTree = "<group>"; };
		CF2C50DB24E5D1C700A41AEE /* Assets.xcassets */ = {isa = PBXFileReference; lastKnownFileType = folder.assetcatalog; path = Assets.xcassets; sourceTree = "<group>"; };
		CF2C50DE24E5D1C700A41AEE /* Base */ = {isa = PBXFileReference; lastKnownFileType = file.storyboard; name = Base; path = Base.lproj/LaunchScreen.storyboard; sourceTree = "<group>"; };
		CF2C50E024E5D1C700A41AEE /* Info.plist */ = {isa = PBXFileReference; lastKnownFileType = text.plist.xml; path = Info.plist; sourceTree = "<group>"; };
		CF3192BD24E5E0640082F9FA /* SelectionViewController.swift */ = {isa = PBXFileReference; lastKnownFileType = sourcecode.swift; path = SelectionViewController.swift; sourceTree = "<group>"; };
		CF6E28C8250A084F001C7D54 /* UIImage+Extensions.swift */ = {isa = PBXFileReference; lastKnownFileType = sourcecode.swift; path = "UIImage+Extensions.swift"; sourceTree = "<group>"; };
		CF74EF7A25042293003D5896 /* Herb.swift */ = {isa = PBXFileReference; lastKnownFileType = sourcecode.swift; path = Herb.swift; sourceTree = "<group>"; };
		CF74EF7C25058CC3003D5896 /* DispensaryMap.swift */ = {isa = PBXFileReference; lastKnownFileType = sourcecode.swift; path = DispensaryMap.swift; sourceTree = "<group>"; };
		CF74EF7E2507010A003D5896 /* SceneDelegate.swift */ = {isa = PBXFileReference; lastKnownFileType = sourcecode.swift; path = SceneDelegate.swift; sourceTree = "<group>"; };
		CF866A6E24F0965B00C7C223 /* ResultCollectionViewCell.swift */ = {isa = PBXFileReference; lastKnownFileType = sourcecode.swift; path = ResultCollectionViewCell.swift; sourceTree = "<group>"; };
		CF866A7024F09AC000C7C223 /* ResultViewController.swift */ = {isa = PBXFileReference; lastKnownFileType = sourcecode.swift; path = ResultViewController.swift; sourceTree = "<group>"; };
		CF866A7224F3199C00C7C223 /* DispensaryLocationViewController.swift */ = {isa = PBXFileReference; lastKnownFileType = sourcecode.swift; path = DispensaryLocationViewController.swift; sourceTree = "<group>"; };
		CF866A7524F480E500C7C223 /* LocationService.swift */ = {isa = PBXFileReference; lastKnownFileType = sourcecode.swift; path = LocationService.swift; sourceTree = "<group>"; };
		CF866A7924FDA9D800C7C223 /* DispensaryData.swift */ = {isa = PBXFileReference; lastKnownFileType = sourcecode.swift; path = DispensaryData.swift; sourceTree = "<group>"; };
		CF866A7F24FDC1EC00C7C223 /* UIButton+Extensions.swift */ = {isa = PBXFileReference; lastKnownFileType = sourcecode.swift; path = "UIButton+Extensions.swift"; sourceTree = "<group>"; };
		CF942ED124E75DD8001E16D4 /* QuizViewController.swift */ = {isa = PBXFileReference; lastKnownFileType = sourcecode.swift; path = QuizViewController.swift; sourceTree = "<group>"; };
		CF942EDB24E77D08001E16D4 /* MenuData.swift */ = {isa = PBXFileReference; lastKnownFileType = sourcecode.swift; path = MenuData.swift; sourceTree = "<group>"; };
		CF942EDF24ECA02E001E16D4 /* Question.swift */ = {isa = PBXFileReference; lastKnownFileType = sourcecode.swift; path = Question.swift; sourceTree = "<group>"; };
		CF942EE224ECBA80001E16D4 /* QuizCollectionViewCell.swift */ = {isa = PBXFileReference; lastKnownFileType = sourcecode.swift; path = QuizCollectionViewCell.swift; sourceTree = "<group>"; };
		CF942EE424ECBD79001E16D4 /* map.json */ = {isa = PBXFileReference; fileEncoding = 4; lastKnownFileType = text.json; name = map.json; path = ../../../../../Downloads/map.json; sourceTree = "<group>"; };
		F47C0BF26DEC7C5EF5B3C53C /* Pods-Budtender.debug.xcconfig */ = {isa = PBXFileReference; includeInIndex = 1; lastKnownFileType = text.xcconfig; name = "Pods-Budtender.debug.xcconfig"; path = "Target Support Files/Pods-Budtender/Pods-Budtender.debug.xcconfig"; sourceTree = "<group>"; };
/* End PBXFileReference section */

/* Begin PBXFrameworksBuildPhase section */
		CF2C50CC24E5D1C400A41AEE /* Frameworks */ = {
			isa = PBXFrameworksBuildPhase;
			buildActionMask = 2147483647;
			files = (
				B3C05435D26873F7C4D2C51D /* Pods_Budtender.framework in Frameworks */,
			);
			runOnlyForDeploymentPostprocessing = 0;
		};
/* End PBXFrameworksBuildPhase section */

/* Begin PBXGroup section */
		0C028C9B89E7EF9042E30A8D /* Pods */ = {
			isa = PBXGroup;
			children = (
				F47C0BF26DEC7C5EF5B3C53C /* Pods-Budtender.debug.xcconfig */,
				9F2E43897A0D933D23DFD1CF /* Pods-Budtender.release.xcconfig */,
			);
			path = Pods;
			sourceTree = "<group>";
		};
		1E34C027803B40CB6792F138 /* Frameworks */ = {
			isa = PBXGroup;
			children = (
				113DA9BECAE533682BBABA85 /* Pods_Budtender.framework */,
			);
			name = Frameworks;
			sourceTree = "<group>";
		};
		CF2C50C624E5D1C400A41AEE = {
			isa = PBXGroup;
			children = (
				CF2C50D124E5D1C400A41AEE /* Budtender */,
				CF2C50D024E5D1C400A41AEE /* Products */,
				0C028C9B89E7EF9042E30A8D /* Pods */,
				1E34C027803B40CB6792F138 /* Frameworks */,
			);
			sourceTree = "<group>";
		};
		CF2C50D024E5D1C400A41AEE /* Products */ = {
			isa = PBXGroup;
			children = (
				CF2C50CF24E5D1C400A41AEE /* Budtender.app */,
			);
			name = Products;
			sourceTree = "<group>";
		};
		CF2C50D124E5D1C400A41AEE /* Budtender */ = {
			isa = PBXGroup;
			children = (
				CF866A7E24FDC1BE00C7C223 /* UIFoundation */,
				CF866A7424F480CE00C7C223 /* Manager */,
				CF2C50E624E5D1E400A41AEE /* Model */,
				CF2C50E824E5D1FB00A41AEE /* View */,
				CF2C50D224E5D1C400A41AEE /* AppDelegate.swift */,
				CF74EF7E2507010A003D5896 /* SceneDelegate.swift */,
				CF2C50DB24E5D1C700A41AEE /* Assets.xcassets */,
				CF2C50DD24E5D1C700A41AEE /* LaunchScreen.storyboard */,
				CF2C50E024E5D1C700A41AEE /* Info.plist */,
			);
			path = Budtender;
			sourceTree = "<group>";
		};
		CF2C50E624E5D1E400A41AEE /* Model */ = {
			isa = PBXGroup;
			children = (
				CF942EDB24E77D08001E16D4 /* MenuData.swift */,
				CF74EF7C25058CC3003D5896 /* DispensaryMap.swift */,
				CF866A7924FDA9D800C7C223 /* DispensaryData.swift */,
				CF942EDF24ECA02E001E16D4 /* Question.swift */,
				CF74EF7A25042293003D5896 /* Herb.swift */,
			);
			path = Model;
			sourceTree = "<group>";
		};
		CF2C50E724E5D1F800A41AEE /* Controller */ = {
			isa = PBXGroup;
			children = (
				CF3192BD24E5E0640082F9FA /* SelectionViewController.swift */,
				CF942ED124E75DD8001E16D4 /* QuizViewController.swift */,
				CF866A7024F09AC000C7C223 /* ResultViewController.swift */,
				CF866A7224F3199C00C7C223 /* DispensaryLocationViewController.swift */,
				CF942EE424ECBD79001E16D4 /* map.json */,
			);
			path = Controller;
			sourceTree = "<group>";
		};
		CF2C50E824E5D1FB00A41AEE /* View */ = {
			isa = PBXGroup;
			children = (
				CF942EE124ECBA26001E16D4 /* CollectionViewCell */,
				CF2C50E724E5D1F800A41AEE /* Controller */,
			);
			path = View;
			sourceTree = "<group>";
		};
		CF866A7424F480CE00C7C223 /* Manager */ = {
			isa = PBXGroup;
			children = (
				CF866A7524F480E500C7C223 /* LocationService.swift */,
			);
			path = Manager;
			sourceTree = "<group>";
		};
		CF866A7E24FDC1BE00C7C223 /* UIFoundation */ = {
			isa = PBXGroup;
			children = (
				CF866A7F24FDC1EC00C7C223 /* UIButton+Extensions.swift */,
				CF6E28C8250A084F001C7D54 /* UIImage+Extensions.swift */,
			);
			path = UIFoundation;
			sourceTree = "<group>";
		};
		CF942EE124ECBA26001E16D4 /* CollectionViewCell */ = {
			isa = PBXGroup;
			children = (
				CF942EE224ECBA80001E16D4 /* QuizCollectionViewCell.swift */,
				CF866A6E24F0965B00C7C223 /* ResultCollectionViewCell.swift */,
			);
			path = CollectionViewCell;
			sourceTree = "<group>";
		};
/* End PBXGroup section */

/* Begin PBXNativeTarget section */
		CF2C50CE24E5D1C400A41AEE /* Budtender */ = {
			isa = PBXNativeTarget;
			buildConfigurationList = CF2C50E324E5D1C700A41AEE /* Build configuration list for PBXNativeTarget "Budtender" */;
			buildPhases = (
				E005924F8D6729CD84F2A494 /* [CP] Check Pods Manifest.lock */,
				CF2C50CB24E5D1C400A41AEE /* Sources */,
				CF2C50CC24E5D1C400A41AEE /* Frameworks */,
				CF2C50CD24E5D1C400A41AEE /* Resources */,
				8B8602117481E92FFEA0E391 /* [CP] Embed Pods Frameworks */,
			);
			buildRules = (
			);
			dependencies = (
			);
			name = Budtender;
			productName = Budtender;
			productReference = CF2C50CF24E5D1C400A41AEE /* Budtender.app */;
			productType = "com.apple.product-type.application";
		};
/* End PBXNativeTarget section */

/* Begin PBXProject section */
		CF2C50C724E5D1C400A41AEE /* Project object */ = {
			isa = PBXProject;
			attributes = {
				LastSwiftUpdateCheck = 1160;
				LastUpgradeCheck = 1160;
				ORGANIZATIONNAME = "Enrique Florencio";
				TargetAttributes = {
					CF2C50CE24E5D1C400A41AEE = {
						CreatedOnToolsVersion = 11.6;
					};
				};
			};
			buildConfigurationList = CF2C50CA24E5D1C400A41AEE /* Build configuration list for PBXProject "Budtender" */;
			compatibilityVersion = "Xcode 9.3";
			developmentRegion = en;
			hasScannedForEncodings = 0;
			knownRegions = (
				en,
				Base,
			);
			mainGroup = CF2C50C624E5D1C400A41AEE;
			productRefGroup = CF2C50D024E5D1C400A41AEE /* Products */;
			projectDirPath = "";
			projectRoot = "";
			targets = (
				CF2C50CE24E5D1C400A41AEE /* Budtender */,
			);
		};
/* End PBXProject section */

/* Begin PBXResourcesBuildPhase section */
		CF2C50CD24E5D1C400A41AEE /* Resources */ = {
			isa = PBXResourcesBuildPhase;
			buildActionMask = 2147483647;
			files = (
				CF2C50DF24E5D1C700A41AEE /* LaunchScreen.storyboard in Resources */,
				CF2C50DC24E5D1C700A41AEE /* Assets.xcassets in Resources */,
				CF942EE524ECBD79001E16D4 /* map.json in Resources */,
			);
			runOnlyForDeploymentPostprocessing = 0;
		};
/* End PBXResourcesBuildPhase section */

/* Begin PBXShellScriptBuildPhase section */
		8B8602117481E92FFEA0E391 /* [CP] Embed Pods Frameworks */ = {
			isa = PBXShellScriptBuildPhase;
			buildActionMask = 2147483647;
			files = (
			);
			inputFileListPaths = (
				"${PODS_ROOT}/Target Support Files/Pods-Budtender/Pods-Budtender-frameworks-${CONFIGURATION}-input-files.xcfilelist",
			);
			name = "[CP] Embed Pods Frameworks";
			outputFileListPaths = (
				"${PODS_ROOT}/Target Support Files/Pods-Budtender/Pods-Budtender-frameworks-${CONFIGURATION}-output-files.xcfilelist",
			);
			runOnlyForDeploymentPostprocessing = 0;
			shellPath = /bin/sh;
			shellScript = "\"${PODS_ROOT}/Target Support Files/Pods-Budtender/Pods-Budtender-frameworks.sh\"\n";
			showEnvVarsInLog = 0;
		};
		E005924F8D6729CD84F2A494 /* [CP] Check Pods Manifest.lock */ = {
			isa = PBXShellScriptBuildPhase;
			buildActionMask = 2147483647;
			files = (
			);
			inputFileListPaths = (
			);
			inputPaths = (
				"${PODS_PODFILE_DIR_PATH}/Podfile.lock",
				"${PODS_ROOT}/Manifest.lock",
			);
			name = "[CP] Check Pods Manifest.lock";
			outputFileListPaths = (
			);
			outputPaths = (
				"$(DERIVED_FILE_DIR)/Pods-Budtender-checkManifestLockResult.txt",
			);
			runOnlyForDeploymentPostprocessing = 0;
			shellPath = /bin/sh;
			shellScript = "diff \"${PODS_PODFILE_DIR_PATH}/Podfile.lock\" \"${PODS_ROOT}/Manifest.lock\" > /dev/null\nif [ $? != 0 ] ; then\n    # print error to STDERR\n    echo \"error: The sandbox is not in sync with the Podfile.lock. Run 'pod install' or update your CocoaPods installation.\" >&2\n    exit 1\nfi\n# This output is used by Xcode 'outputs' to avoid re-running this script phase.\necho \"SUCCESS\" > \"${SCRIPT_OUTPUT_FILE_0}\"\n";
			showEnvVarsInLog = 0;
		};
/* End PBXShellScriptBuildPhase section */

/* Begin PBXSourcesBuildPhase section */
		CF2C50CB24E5D1C400A41AEE /* Sources */ = {
			isa = PBXSourcesBuildPhase;
			buildActionMask = 2147483647;
			files = (
				CF74EF7D25058CC3003D5896 /* DispensaryMap.swift in Sources */,
				CF2C50D324E5D1C400A41AEE /* AppDelegate.swift in Sources */,
				CF866A8024FDC1EC00C7C223 /* UIButton+Extensions.swift in Sources */,
				CF866A7324F3199C00C7C223 /* DispensaryLocationViewController.swift in Sources */,
				CF3192BE24E5E0640082F9FA /* SelectionViewController.swift in Sources */,
				CF74EF7F2507010A003D5896 /* SceneDelegate.swift in Sources */,
				CF866A7624F480E500C7C223 /* LocationService.swift in Sources */,
				CF866A7A24FDA9D800C7C223 /* DispensaryData.swift in Sources */,
				CF942EE024ECA02E001E16D4 /* Question.swift in Sources */,
				CF942EDC24E77D08001E16D4 /* MenuData.swift in Sources */,
				CF942EE324ECBA80001E16D4 /* QuizCollectionViewCell.swift in Sources */,
				CF942ED224E75DD8001E16D4 /* QuizViewController.swift in Sources */,
				CF866A6F24F0965B00C7C223 /* ResultCollectionViewCell.swift in Sources */,
				CF74EF7B25042293003D5896 /* Herb.swift in Sources */,
				CF866A7124F09AC000C7C223 /* ResultViewController.swift in Sources */,
				CF6E28C9250A084F001C7D54 /* UIImage+Extensions.swift in Sources */,
			);
			runOnlyForDeploymentPostprocessing = 0;
		};
/* End PBXSourcesBuildPhase section */

/* Begin PBXVariantGroup section */
		CF2C50DD24E5D1C700A41AEE /* LaunchScreen.storyboard */ = {
			isa = PBXVariantGroup;
			children = (
				CF2C50DE24E5D1C700A41AEE /* Base */,
			);
			name = LaunchScreen.storyboard;
			sourceTree = "<group>";
		};
/* End PBXVariantGroup section */

/* Begin XCBuildConfiguration section */
		CF2C50E124E5D1C700A41AEE /* Debug */ = {
			isa = XCBuildConfiguration;
			buildSettings = {
				ALWAYS_SEARCH_USER_PATHS = NO;
				CLANG_ANALYZER_NONNULL = YES;
				CLANG_ANALYZER_NUMBER_OBJECT_CONVERSION = YES_AGGRESSIVE;
				CLANG_CXX_LANGUAGE_STANDARD = "gnu++14";
				CLANG_CXX_LIBRARY = "libc++";
				CLANG_ENABLE_MODULES = YES;
				CLANG_ENABLE_OBJC_ARC = YES;
				CLANG_ENABLE_OBJC_WEAK = YES;
				CLANG_WARN_BLOCK_CAPTURE_AUTORELEASING = YES;
				CLANG_WARN_BOOL_CONVERSION = YES;
				CLANG_WARN_COMMA = YES;
				CLANG_WARN_CONSTANT_CONVERSION = YES;
				CLANG_WARN_DEPRECATED_OBJC_IMPLEMENTATIONS = YES;
				CLANG_WARN_DIRECT_OBJC_ISA_USAGE = YES_ERROR;
				CLANG_WARN_DOCUMENTATION_COMMENTS = YES;
				CLANG_WARN_EMPTY_BODY = YES;
				CLANG_WARN_ENUM_CONVERSION = YES;
				CLANG_WARN_INFINITE_RECURSION = YES;
				CLANG_WARN_INT_CONVERSION = YES;
				CLANG_WARN_NON_LITERAL_NULL_CONVERSION = YES;
				CLANG_WARN_OBJC_IMPLICIT_RETAIN_SELF = YES;
				CLANG_WARN_OBJC_LITERAL_CONVERSION = YES;
				CLANG_WARN_OBJC_ROOT_CLASS = YES_ERROR;
				CLANG_WARN_RANGE_LOOP_ANALYSIS = YES;
				CLANG_WARN_STRICT_PROTOTYPES = YES;
				CLANG_WARN_SUSPICIOUS_MOVE = YES;
				CLANG_WARN_UNGUARDED_AVAILABILITY = YES_AGGRESSIVE;
				CLANG_WARN_UNREACHABLE_CODE = YES;
				CLANG_WARN__DUPLICATE_METHOD_MATCH = YES;
				COPY_PHASE_STRIP = NO;
				DEBUG_INFORMATION_FORMAT = dwarf;
				ENABLE_STRICT_OBJC_MSGSEND = YES;
				ENABLE_TESTABILITY = YES;
				GCC_C_LANGUAGE_STANDARD = gnu11;
				GCC_DYNAMIC_NO_PIC = NO;
				GCC_NO_COMMON_BLOCKS = YES;
				GCC_OPTIMIZATION_LEVEL = 0;
				GCC_PREPROCESSOR_DEFINITIONS = (
					"DEBUG=1",
					"$(inherited)",
				);
				GCC_WARN_64_TO_32_BIT_CONVERSION = YES;
				GCC_WARN_ABOUT_RETURN_TYPE = YES_ERROR;
				GCC_WARN_UNDECLARED_SELECTOR = YES;
				GCC_WARN_UNINITIALIZED_AUTOS = YES_AGGRESSIVE;
				GCC_WARN_UNUSED_FUNCTION = YES;
				GCC_WARN_UNUSED_VARIABLE = YES;
				IPHONEOS_DEPLOYMENT_TARGET = 13.6;
				MTL_ENABLE_DEBUG_INFO = INCLUDE_SOURCE;
				MTL_FAST_MATH = YES;
				ONLY_ACTIVE_ARCH = YES;
				SDKROOT = iphoneos;
				SWIFT_ACTIVE_COMPILATION_CONDITIONS = DEBUG;
				SWIFT_OPTIMIZATION_LEVEL = "-Onone";
			};
			name = Debug;
		};
		CF2C50E224E5D1C700A41AEE /* Release */ = {
			isa = XCBuildConfiguration;
			buildSettings = {
				ALWAYS_SEARCH_USER_PATHS = NO;
				CLANG_ANALYZER_NONNULL = YES;
				CLANG_ANALYZER_NUMBER_OBJECT_CONVERSION = YES_AGGRESSIVE;
				CLANG_CXX_LANGUAGE_STANDARD = "gnu++14";
				CLANG_CXX_LIBRARY = "libc++";
				CLANG_ENABLE_MODULES = YES;
				CLANG_ENABLE_OBJC_ARC = YES;
				CLANG_ENABLE_OBJC_WEAK = YES;
				CLANG_WARN_BLOCK_CAPTURE_AUTORELEASING = YES;
				CLANG_WARN_BOOL_CONVERSION = YES;
				CLANG_WARN_COMMA = YES;
				CLANG_WARN_CONSTANT_CONVERSION = YES;
				CLANG_WARN_DEPRECATED_OBJC_IMPLEMENTATIONS = YES;
				CLANG_WARN_DIRECT_OBJC_ISA_USAGE = YES_ERROR;
				CLANG_WARN_DOCUMENTATION_COMMENTS = YES;
				CLANG_WARN_EMPTY_BODY = YES;
				CLANG_WARN_ENUM_CONVERSION = YES;
				CLANG_WARN_INFINITE_RECURSION = YES;
				CLANG_WARN_INT_CONVERSION = YES;
				CLANG_WARN_NON_LITERAL_NULL_CONVERSION = YES;
				CLANG_WARN_OBJC_IMPLICIT_RETAIN_SELF = YES;
				CLANG_WARN_OBJC_LITERAL_CONVERSION = YES;
				CLANG_WARN_OBJC_ROOT_CLASS = YES_ERROR;
				CLANG_WARN_RANGE_LOOP_ANALYSIS = YES;
				CLANG_WARN_STRICT_PROTOTYPES = YES;
				CLANG_WARN_SUSPICIOUS_MOVE = YES;
				CLANG_WARN_UNGUARDED_AVAILABILITY = YES_AGGRESSIVE;
				CLANG_WARN_UNREACHABLE_CODE = YES;
				CLANG_WARN__DUPLICATE_METHOD_MATCH = YES;
				COPY_PHASE_STRIP = NO;
				DEBUG_INFORMATION_FORMAT = "dwarf-with-dsym";
				ENABLE_NS_ASSERTIONS = NO;
				ENABLE_STRICT_OBJC_MSGSEND = YES;
				GCC_C_LANGUAGE_STANDARD = gnu11;
				GCC_NO_COMMON_BLOCKS = YES;
				GCC_WARN_64_TO_32_BIT_CONVERSION = YES;
				GCC_WARN_ABOUT_RETURN_TYPE = YES_ERROR;
				GCC_WARN_UNDECLARED_SELECTOR = YES;
				GCC_WARN_UNINITIALIZED_AUTOS = YES_AGGRESSIVE;
				GCC_WARN_UNUSED_FUNCTION = YES;
				GCC_WARN_UNUSED_VARIABLE = YES;
				IPHONEOS_DEPLOYMENT_TARGET = 13.6;
				MTL_ENABLE_DEBUG_INFO = NO;
				MTL_FAST_MATH = YES;
				SDKROOT = iphoneos;
				SWIFT_COMPILATION_MODE = wholemodule;
				SWIFT_OPTIMIZATION_LEVEL = "-O";
				VALIDATE_PRODUCT = YES;
			};
			name = Release;
		};
		CF2C50E424E5D1C700A41AEE /* Debug */ = {
			isa = XCBuildConfiguration;
			baseConfigurationReference = F47C0BF26DEC7C5EF5B3C53C /* Pods-Budtender.debug.xcconfig */;
			buildSettings = {
				ASSETCATALOG_COMPILER_APPICON_NAME = AppIcon;
				CODE_SIGN_STYLE = Automatic;
				DEVELOPMENT_TEAM = 2E24SPH2ZV;
				INFOPLIST_FILE = Budtender/Info.plist;
				IPHONEOS_DEPLOYMENT_TARGET = 12.0;
				LD_RUNPATH_SEARCH_PATHS = (
					"$(inherited)",
					"@executable_path/Frameworks",
				);
				PRODUCT_BUNDLE_IDENTIFIER = com.enriqueflorencio.Budtender;
				PRODUCT_NAME = "$(TARGET_NAME)";
				SWIFT_VERSION = 5.0;
				TARGETED_DEVICE_FAMILY = "1,2";
			};
			name = Debug;
		};
		CF2C50E524E5D1C700A41AEE /* Release */ = {
			isa = XCBuildConfiguration;
			baseConfigurationReference = 9F2E43897A0D933D23DFD1CF /* Pods-Budtender.release.xcconfig */;
			buildSettings = {
				ASSETCATALOG_COMPILER_APPICON_NAME = AppIcon;
				CODE_SIGN_STYLE = Automatic;
				DEVELOPMENT_TEAM = 2E24SPH2ZV;
				INFOPLIST_FILE = Budtender/Info.plist;
				IPHONEOS_DEPLOYMENT_TARGET = 12.0;
				LD_RUNPATH_SEARCH_PATHS = (
					"$(inherited)",
					"@executable_path/Frameworks",
				);
				PRODUCT_BUNDLE_IDENTIFIER = com.enriqueflorencio.Budtender;
				PRODUCT_NAME = "$(TARGET_NAME)";
				SWIFT_VERSION = 5.0;
				TARGETED_DEVICE_FAMILY = "1,2";
			};
			name = Release;
		};
/* End XCBuildConfiguration section */

/* Begin XCConfigurationList section */
		CF2C50CA24E5D1C400A41AEE /* Build configuration list for PBXProject "Budtender" */ = {
			isa = XCConfigurationList;
			buildConfigurations = (
				CF2C50E124E5D1C700A41AEE /* Debug */,
				CF2C50E224E5D1C700A41AEE /* Release */,
			);
			defaultConfigurationIsVisible = 0;
			defaultConfigurationName = Release;
		};
		CF2C50E324E5D1C700A41AEE /* Build configuration list for PBXNativeTarget "Budtender" */ = {
			isa = XCConfigurationList;
			buildConfigurations = (
				CF2C50E424E5D1C700A41AEE /* Debug */,
				CF2C50E524E5D1C700A41AEE /* Release */,
			);
			defaultConfigurationIsVisible = 0;
			defaultConfigurationName = Release;
		};
/* End XCConfigurationList section */
	};
	rootObject = CF2C50C724E5D1C400A41AEE /* Project object */;
}
